// !$*UTF8*$!
{
	archiveVersion = 1;
	classes = {
	};
	objectVersion = 50;
	objects = {

/* Begin PBXBuildFile section */
		F73063A5224C147E007A58C9 /* AppDelegate.m in Sources */ = {isa = PBXBuildFile; fileRef = F73063A4224C147E007A58C9 /* AppDelegate.m */; };
		F73063AB224C147E007A58C9 /* Main.storyboard in Resources */ = {isa = PBXBuildFile; fileRef = F73063A9224C147E007A58C9 /* Main.storyboard */; };
		F73063AD224C1480007A58C9 /* Assets.xcassets in Resources */ = {isa = PBXBuildFile; fileRef = F73063AC224C1480007A58C9 /* Assets.xcassets */; };
		F73063B0224C1480007A58C9 /* LaunchScreen.storyboard in Resources */ = {isa = PBXBuildFile; fileRef = F73063AE224C1480007A58C9 /* LaunchScreen.storyboard */; };
		F73063B3224C1480007A58C9 /* main.m in Sources */ = {isa = PBXBuildFile; fileRef = F73063B2224C1480007A58C9 /* main.m */; };
		F73063C4224C1844007A58C9 /* EKKSubBreed.m in Sources */ = {isa = PBXBuildFile; fileRef = F73063C3224C1844007A58C9 /* EKKSubBreed.m */; };
		F735DECC224C20BD000CC6DC /* EKKBreed.m in Sources */ = {isa = PBXBuildFile; fileRef = F735DECB224C20BD000CC6DC /* EKKBreed.m */; };
		F735DECF224C23B3000CC6DC /* EKKBreedNetworkClient.m in Sources */ = {isa = PBXBuildFile; fileRef = F735DECE224C23B3000CC6DC /* EKKBreedNetworkClient.m */; };
/* End PBXBuildFile section */

/* Begin PBXFileReference section */
		F73063A0224C147E007A58C9 /* Dog-C.app */ = {isa = PBXFileReference; explicitFileType = wrapper.application; includeInIndex = 0; path = "Dog-C.app"; sourceTree = BUILT_PRODUCTS_DIR; };
		F73063A3224C147E007A58C9 /* AppDelegate.h */ = {isa = PBXFileReference; lastKnownFileType = sourcecode.c.h; path = AppDelegate.h; sourceTree = "<group>"; };
		F73063A4224C147E007A58C9 /* AppDelegate.m */ = {isa = PBXFileReference; lastKnownFileType = sourcecode.c.objc; path = AppDelegate.m; sourceTree = "<group>"; };
		F73063AA224C147E007A58C9 /* Base */ = {isa = PBXFileReference; lastKnownFileType = file.storyboard; name = Base; path = Base.lproj/Main.storyboard; sourceTree = "<group>"; };
		F73063AC224C1480007A58C9 /* Assets.xcassets */ = {isa = PBXFileReference; lastKnownFileType = folder.assetcatalog; path = Assets.xcassets; sourceTree = "<group>"; };
		F73063AF224C1480007A58C9 /* Base */ = {isa = PBXFileReference; lastKnownFileType = file.storyboard; name = Base; path = Base.lproj/LaunchScreen.storyboard; sourceTree = "<group>"; };
		F73063B1224C1480007A58C9 /* Info.plist */ = {isa = PBXFileReference; lastKnownFileType = text.plist.xml; path = Info.plist; sourceTree = "<group>"; };
		F73063B2224C1480007A58C9 /* main.m */ = {isa = PBXFileReference; lastKnownFileType = sourcecode.c.objc; path = main.m; sourceTree = "<group>"; };
		F73063C2224C1844007A58C9 /* EKKSubBreed.h */ = {isa = PBXFileReference; lastKnownFileType = sourcecode.c.h; path = EKKSubBreed.h; sourceTree = "<group>"; };
		F73063C3224C1844007A58C9 /* EKKSubBreed.m */ = {isa = PBXFileReference; lastKnownFileType = sourcecode.c.objc; path = EKKSubBreed.m; sourceTree = "<group>"; };
		F735DECA224C20BD000CC6DC /* EKKBreed.h */ = {isa = PBXFileReference; lastKnownFileType = sourcecode.c.h; path = EKKBreed.h; sourceTree = "<group>"; };
		F735DECB224C20BD000CC6DC /* EKKBreed.m */ = {isa = PBXFileReference; lastKnownFileType = sourcecode.c.objc; path = EKKBreed.m; sourceTree = "<group>"; };
		F735DECD224C23B3000CC6DC /* EKKBreedNetworkClient.h */ = {isa = PBXFileReference; lastKnownFileType = sourcecode.c.h; path = EKKBreedNetworkClient.h; sourceTree = "<group>"; };
		F735DECE224C23B3000CC6DC /* EKKBreedNetworkClient.m */ = {isa = PBXFileReference; lastKnownFileType = sourcecode.c.objc; path = EKKBreedNetworkClient.m; sourceTree = "<group>"; };
/* End PBXFileReference section */

/* Begin PBXFrameworksBuildPhase section */
		F730639D224C147E007A58C9 /* Frameworks */ = {
			isa = PBXFrameworksBuildPhase;
			buildActionMask = 2147483647;
			files = (
			);
			runOnlyForDeploymentPostprocessing = 0;
		};
/* End PBXFrameworksBuildPhase section */

/* Begin PBXGroup section */
		F7306397224C147E007A58C9 = {
			isa = PBXGroup;
			children = (
				F73063A2224C147E007A58C9 /* Dog-C */,
				F73063A1224C147E007A58C9 /* Products */,
			);
			sourceTree = "<group>";
		};
		F73063A1224C147E007A58C9 /* Products */ = {
			isa = PBXGroup;
			children = (
				F73063A0224C147E007A58C9 /* Dog-C.app */,
			);
			name = Products;
			sourceTree = "<group>";
		};
		F73063A2224C147E007A58C9 /* Dog-C */ = {
			isa = PBXGroup;
			children = (
				F73063BB224C14AE007A58C9 /* Models */,
				F73063BA224C149D007A58C9 /* Storyboards */,
				F73063B9224C148D007A58C9 /* Resources */,
				F735DED0224C23B8000CC6DC /* NetworkClient */,
			);
			path = "Dog-C";
			sourceTree = "<group>";
		};
		F73063B9224C148D007A58C9 /* Resources */ = {
			isa = PBXGroup;
			children = (
				F73063A3224C147E007A58C9 /* AppDelegate.h */,
				F73063A4224C147E007A58C9 /* AppDelegate.m */,
				F73063AC224C1480007A58C9 /* Assets.xcassets */,
				F73063AE224C1480007A58C9 /* LaunchScreen.storyboard */,
				F73063B1224C1480007A58C9 /* Info.plist */,
				F73063B2224C1480007A58C9 /* main.m */,
			);
			path = Resources;
			sourceTree = "<group>";
		};
		F73063BA224C149D007A58C9 /* Storyboards */ = {
			isa = PBXGroup;
			children = (
				F73063A9224C147E007A58C9 /* Main.storyboard */,
			);
			path = Storyboards;
			sourceTree = "<group>";
		};
		F73063BB224C14AE007A58C9 /* Models */ = {
			isa = PBXGroup;
			children = (
				F73063C2224C1844007A58C9 /* EKKSubBreed.h */,
				F73063C3224C1844007A58C9 /* EKKSubBreed.m */,
				F735DECA224C20BD000CC6DC /* EKKBreed.h */,
				F735DECB224C20BD000CC6DC /* EKKBreed.m */,
			);
			path = Models;
			sourceTree = "<group>";
		};
		F735DED0224C23B8000CC6DC /* NetworkClient */ = {
			isa = PBXGroup;
			children = (
				F735DECD224C23B3000CC6DC /* EKKBreedNetworkClient.h */,
				F735DECE224C23B3000CC6DC /* EKKBreedNetworkClient.m */,
			);
			path = NetworkClient;
			sourceTree = "<group>";
		};
/* End PBXGroup section */

/* Begin PBXNativeTarget section */
		F730639F224C147E007A58C9 /* Dog-C */ = {
			isa = PBXNativeTarget;
			buildConfigurationList = F73063B6224C1480007A58C9 /* Build configuration list for PBXNativeTarget "Dog-C" */;
			buildPhases = (
				F730639C224C147E007A58C9 /* Sources */,
				F730639D224C147E007A58C9 /* Frameworks */,
				F730639E224C147E007A58C9 /* Resources */,
			);
			buildRules = (
			);
			dependencies = (
			);
			name = "Dog-C";
			productName = "Dog-C";
			productReference = F73063A0224C147E007A58C9 /* Dog-C.app */;
			productType = "com.apple.product-type.application";
		};
/* End PBXNativeTarget section */

/* Begin PBXProject section */
		F7306398224C147E007A58C9 /* Project object */ = {
			isa = PBXProject;
			attributes = {
				LastUpgradeCheck = 1010;
				ORGANIZATIONNAME = "Rund LLC";
				TargetAttributes = {
					F730639F224C147E007A58C9 = {
						CreatedOnToolsVersion = 10.1;
					};
				};
			};
			buildConfigurationList = F730639B224C147E007A58C9 /* Build configuration list for PBXProject "Dog-C" */;
			compatibilityVersion = "Xcode 9.3";
			developmentRegion = en;
			hasScannedForEncodings = 0;
			knownRegions = (
				en,
				Base,
			);
			mainGroup = F7306397224C147E007A58C9;
			productRefGroup = F73063A1224C147E007A58C9 /* Products */;
			projectDirPath = "";
			projectRoot = "";
			targets = (
				F730639F224C147E007A58C9 /* Dog-C */,
			);
		};
/* End PBXProject section */

/* Begin PBXResourcesBuildPhase section */
		F730639E224C147E007A58C9 /* Resources */ = {
			isa = PBXResourcesBuildPhase;
			buildActionMask = 2147483647;
			files = (
				F73063B0224C1480007A58C9 /* LaunchScreen.storyboard in Resources */,
				F73063AD224C1480007A58C9 /* Assets.xcassets in Resources */,
				F73063AB224C147E007A58C9 /* Main.storyboard in Resources */,
			);
			runOnlyForDeploymentPostprocessing = 0;
		};
/* End PBXResourcesBuildPhase section */

/* Begin PBXSourcesBuildPhase section */
		F730639C224C147E007A58C9 /* Sources */ = {
			isa = PBXSourcesBuildPhase;
			buildActionMask = 2147483647;
			files = (
				F735DECF224C23B3000CC6DC /* EKKBreedNetworkClient.m in Sources */,
				F73063B3224C1480007A58C9 /* main.m in Sources */,
				F73063A5224C147E007A58C9 /* AppDelegate.m in Sources */,
				F735DECC224C20BD000CC6DC /* EKKBreed.m in Sources */,
				F73063C4224C1844007A58C9 /* EKKSubBreed.m in Sources */,
			);
			runOnlyForDeploymentPostprocessing = 0;
		};
/* End PBXSourcesBuildPhase section */

/* Begin PBXVariantGroup section */
		F73063A9224C147E007A58C9 /* Main.storyboard */ = {
			isa = PBXVariantGroup;
			children = (
				F73063AA224C147E007A58C9 /* Base */,
			);
			name = Main.storyboard;
			sourceTree = "<group>";
		};
		F73063AE224C1480007A58C9 /* LaunchScreen.storyboard */ = {
			isa = PBXVariantGroup;
			children = (
				F73063AF224C1480007A58C9 /* Base */,
			);
			name = LaunchScreen.storyboard;
			sourceTree = "<group>";
		};
/* End PBXVariantGroup section */

/* Begin XCBuildConfiguration section */
		F73063B4224C1480007A58C9 /* Debug */ = {
			isa = XCBuildConfiguration;
			buildSettings = {
				ALWAYS_SEARCH_USER_PATHS = NO;
				CLANG_ANALYZER_NONNULL = YES;
				CLANG_ANALYZER_NUMBER_OBJECT_CONVERSION = YES_AGGRESSIVE;
				CLANG_CXX_LANGUAGE_STANDARD = "gnu++14";
				CLANG_CXX_LIBRARY = "libc++";
				CLANG_ENABLE_MODULES = YES;
				CLANG_ENABLE_OBJC_ARC = YES;
				CLANG_ENABLE_OBJC_WEAK = YES;
				CLANG_WARN_BLOCK_CAPTURE_AUTORELEASING = YES;
				CLANG_WARN_BOOL_CONVERSION = YES;
				CLANG_WARN_COMMA = YES;
				CLANG_WARN_CONSTANT_CONVERSION = YES;
				CLANG_WARN_DEPRECATED_OBJC_IMPLEMENTATIONS = YES;
				CLANG_WARN_DIRECT_OBJC_ISA_USAGE = YES_ERROR;
				CLANG_WARN_DOCUMENTATION_COMMENTS = YES;
				CLANG_WARN_EMPTY_BODY = YES;
				CLANG_WARN_ENUM_CONVERSION = YES;
				CLANG_WARN_INFINITE_RECURSION = YES;
				CLANG_WARN_INT_CONVERSION = YES;
				CLANG_WARN_NON_LITERAL_NULL_CONVERSION = YES;
				CLANG_WARN_OBJC_IMPLICIT_RETAIN_SELF = YES;
				CLANG_WARN_OBJC_LITERAL_CONVERSION = YES;
				CLANG_WARN_OBJC_ROOT_CLASS = YES_ERROR;
				CLANG_WARN_RANGE_LOOP_ANALYSIS = YES;
				CLANG_WARN_STRICT_PROTOTYPES = YES;
				CLANG_WARN_SUSPICIOUS_MOVE = YES;
				CLANG_WARN_UNGUARDED_AVAILABILITY = YES_AGGRESSIVE;
				CLANG_WARN_UNREACHABLE_CODE = YES;
				CLANG_WARN__DUPLICATE_METHOD_MATCH = YES;
				CODE_SIGN_IDENTITY = "iPhone Developer";
				COPY_PHASE_STRIP = NO;
				DEBUG_INFORMATION_FORMAT = dwarf;
				ENABLE_STRICT_OBJC_MSGSEND = YES;
				ENABLE_TESTABILITY = YES;
				GCC_C_LANGUAGE_STANDARD = gnu11;
				GCC_DYNAMIC_NO_PIC = NO;
				GCC_NO_COMMON_BLOCKS = YES;
				GCC_OPTIMIZATION_LEVEL = 0;
				GCC_PREPROCESSOR_DEFINITIONS = (
					"DEBUG=1",
					"$(inherited)",
				);
				GCC_WARN_64_TO_32_BIT_CONVERSION = YES;
				GCC_WARN_ABOUT_RETURN_TYPE = YES_ERROR;
				GCC_WARN_UNDECLARED_SELECTOR = YES;
				GCC_WARN_UNINITIALIZED_AUTOS = YES_AGGRESSIVE;
				GCC_WARN_UNUSED_FUNCTION = YES;
				GCC_WARN_UNUSED_VARIABLE = YES;
				IPHONEOS_DEPLOYMENT_TARGET = 12.1;
				MTL_ENABLE_DEBUG_INFO = INCLUDE_SOURCE;
				MTL_FAST_MATH = YES;
				ONLY_ACTIVE_ARCH = YES;
				SDKROOT = iphoneos;
			};
			name = Debug;
		};
		F73063B5224C1480007A58C9 /* Release */ = {
			isa = XCBuildConfiguration;
			buildSettings = {
				ALWAYS_SEARCH_USER_PATHS = NO;
				CLANG_ANALYZER_NONNULL = YES;
				CLANG_ANALYZER_NUMBER_OBJECT_CONVERSION = YES_AGGRESSIVE;
				CLANG_CXX_LANGUAGE_STANDARD = "gnu++14";
				CLANG_CXX_LIBRARY = "libc++";
				CLANG_ENABLE_MODULES = YES;
				CLANG_ENABLE_OBJC_ARC = YES;
				CLANG_ENABLE_OBJC_WEAK = YES;
				CLANG_WARN_BLOCK_CAPTURE_AUTORELEASING = YES;
				CLANG_WARN_BOOL_CONVERSION = YES;
				CLANG_WARN_COMMA = YES;
				CLANG_WARN_CONSTANT_CONVERSION = YES;
				CLANG_WARN_DEPRECATED_OBJC_IMPLEMENTATIONS = YES;
				CLANG_WARN_DIRECT_OBJC_ISA_USAGE = YES_ERROR;
				CLANG_WARN_DOCUMENTATION_COMMENTS = YES;
				CLANG_WARN_EMPTY_BODY = YES;
				CLANG_WARN_ENUM_CONVERSION = YES;
				CLANG_WARN_INFINITE_RECURSION = YES;
				CLANG_WARN_INT_CONVERSION = YES;
				CLANG_WARN_NON_LITERAL_NULL_CONVERSION = YES;
				CLANG_WARN_OBJC_IMPLICIT_RETAIN_SELF = YES;
				CLANG_WARN_OBJC_LITERAL_CONVERSION = YES;
				CLANG_WARN_OBJC_ROOT_CLASS = YES_ERROR;
				CLANG_WARN_RANGE_LOOP_ANALYSIS = YES;
				CLANG_WARN_STRICT_PROTOTYPES = YES;
				CLANG_WARN_SUSPICIOUS_MOVE = YES;
				CLANG_WARN_UNGUARDED_AVAILABILITY = YES_AGGRESSIVE;
				CLANG_WARN_UNREACHABLE_CODE = YES;
				CLANG_WARN__DUPLICATE_METHOD_MATCH = YES;
				CODE_SIGN_IDENTITY = "iPhone Developer";
				COPY_PHASE_STRIP = NO;
				DEBUG_INFORMATION_FORMAT = "dwarf-with-dsym";
				ENABLE_NS_ASSERTIONS = NO;
				ENABLE_STRICT_OBJC_MSGSEND = YES;
				GCC_C_LANGUAGE_STANDARD = gnu11;
				GCC_NO_COMMON_BLOCKS = YES;
				GCC_WARN_64_TO_32_BIT_CONVERSION = YES;
				GCC_WARN_ABOUT_RETURN_TYPE = YES_ERROR;
				GCC_WARN_UNDECLARED_SELECTOR = YES;
				GCC_WARN_UNINITIALIZED_AUTOS = YES_AGGRESSIVE;
				GCC_WARN_UNUSED_FUNCTION = YES;
				GCC_WARN_UNUSED_VARIABLE = YES;
				IPHONEOS_DEPLOYMENT_TARGET = 12.1;
				MTL_ENABLE_DEBUG_INFO = NO;
				MTL_FAST_MATH = YES;
				SDKROOT = iphoneos;
				VALIDATE_PRODUCT = YES;
			};
			name = Release;
		};
		F73063B7224C1480007A58C9 /* Debug */ = {
			isa = XCBuildConfiguration;
			buildSettings = {
				ASSETCATALOG_COMPILER_APPICON_NAME = AppIcon;
				CODE_SIGN_STYLE = Automatic;
				DEVELOPMENT_TEAM = Q89A379BUF;
				INFOPLIST_FILE = "$(SRCROOT)/Dog-C/Resources/Info.plist";
				LD_RUNPATH_SEARCH_PATHS = (
					"$(inherited)",
					"@executable_path/Frameworks",
				);
				PRODUCT_BUNDLE_IDENTIFIER = "Erich-Kumpunen.Dog-C";
				PRODUCT_NAME = "$(TARGET_NAME)";
				TARGETED_DEVICE_FAMILY = "1,2";
			};
			name = Debug;
		};
		F73063B8224C1480007A58C9 /* Release */ = {
			isa = XCBuildConfiguration;
			buildSettings = {
				ASSETCATALOG_COMPILER_APPICON_NAME = AppIcon;
				CODE_SIGN_STYLE = Automatic;
				DEVELOPMENT_TEAM = Q89A379BUF;
				INFOPLIST_FILE = "$(SRCROOT)/Dog-C/Resources/Info.plist";
				LD_RUNPATH_SEARCH_PATHS = (
					"$(inherited)",
					"@executable_path/Frameworks",
				);
				PRODUCT_BUNDLE_IDENTIFIER = "Erich-Kumpunen.Dog-C";
				PRODUCT_NAME = "$(TARGET_NAME)";
				TARGETED_DEVICE_FAMILY = "1,2";
			};
			name = Release;
		};
/* End XCBuildConfiguration section */

/* Begin XCConfigurationList section */
		F730639B224C147E007A58C9 /* Build configuration list for PBXProject "Dog-C" */ = {
			isa = XCConfigurationList;
			buildConfigurations = (
				F73063B4224C1480007A58C9 /* Debug */,
				F73063B5224C1480007A58C9 /* Release */,
			);
			defaultConfigurationIsVisible = 0;
			defaultConfigurationName = Release;
		};
		F73063B6224C1480007A58C9 /* Build configuration list for PBXNativeTarget "Dog-C" */ = {
			isa = XCConfigurationList;
			buildConfigurations = (
				F73063B7224C1480007A58C9 /* Debug */,
				F73063B8224C1480007A58C9 /* Release */,
			);
			defaultConfigurationIsVisible = 0;
			defaultConfigurationName = Release;
		};
/* End XCConfigurationList section */
	};
	rootObject = F7306398224C147E007A58C9 /* Project object */;
}
